
Microsoft Visual Studio Solution File, Format Version 12.00
# Visual Studio Version 17
VisualStudioVersion = 17.10.35013.160
MinimumVisualStudioVersion = 10.0.40219.1
Project("{9A19103F-16F7-4668-BE54-9A1E7A4F7556}") = "AssetManagement.Api.Client", "AssetManagement.Api.Client\AssetManagement.Api.Client.csproj", "{9BF01436-8445-4559-9277-339BF660AC0E}"
EndProject
Project("{9A19103F-16F7-4668-BE54-9A1E7A4F7556}") = "AssetManagement.Domain", "AssetManagement.Domain\AssetManagement.Domain.csproj", "{1A33CD32-47E4-4F0A-A4E6-8500E2530EB2}"
EndProject
Project("{9A19103F-16F7-4668-BE54-9A1E7A4F7556}") = "AssetManagement.Infrastructure", "AssetManagement.Infrastructure\AssetManagement.Infrastructure.csproj", "{0BC15A3A-B16B-44C6-AC11-BF5EEBC843EC}"
EndProject
Project("{9A19103F-16F7-4668-BE54-9A1E7A4F7556}") = "AssetManagement.Application", "AssetManagement.Application\AssetManagement.Application.csproj", "{96C837FA-CCED-4941-BA51-85A429D17A34}"
EndProject
Project("{9A19103F-16F7-4668-BE54-9A1E7A4F7556}") = "AssetManagement.Identity", "AssetManagement.Identity\AssetManagement.Identity.csproj", "{6E3704F8-B3A8-4742-A579-C84F23278DEF}"
EndProject
Project("{2150E333-8FDC-42A3-9474-1A3956D46DE8}") = "Core", "Core", "{C12C3E84-5D7A-4A28-AC2E-727914011A7C}"
EndProject
Project("{2150E333-8FDC-42A3-9474-1A3956D46DE8}") = "Infrastructure", "Infrastructure", "{E9F96771-8DF3-4599-89FB-1909506AD067}"
EndProject
Project("{9A19103F-16F7-4668-BE54-9A1E7A4F7556}") = "AssetManagement.Api", "AssetManagement.Api\AssetManagement.Api.csproj", "{90008C14-0A09-4D15-9044-2E8AA195675D}"
EndProject
Project("{9A19103F-16F7-4668-BE54-9A1E7A4F7556}") = "AssetManagement.Persistence", "AssetManagement.Persistence\AssetManagement.Persistence.csproj", "{B56A8870-F405-40CD-8137-298946134F2B}"
EndProject
Project("{2150E333-8FDC-42A3-9474-1A3956D46DE8}") = "Tests", "Tests", "{4AA74F27-EA59-4DB8-8986-F8E4157DBBC3}"
EndProject
Project("{2150E333-8FDC-42A3-9474-1A3956D46DE8}") = "src", "src", "{41C4EDA6-EAB1-4366-A1CF-E2D4742F8755}"
EndProject
Project("{9A19103F-16F7-4668-BE54-9A1E7A4F7556}") = "AssetManagement.Application.Tests", "AssetManagement.Application.Tests\AssetManagement.Application.Tests.csproj", "{512C9F20-ED6E-4496-85E9-A94AE402CE27}"
EndProject
Global
	GlobalSection(SolutionConfigurationPlatforms) = preSolution
		Debug|Any CPU = Debug|Any CPU
		Release|Any CPU = Release|Any CPU
	EndGlobalSection
	GlobalSection(ProjectConfigurationPlatforms) = postSolution
		{9BF01436-8445-4559-9277-339BF660AC0E}.Debug|Any CPU.ActiveCfg = Debug|Any CPU
		{9BF01436-8445-4559-9277-339BF660AC0E}.Debug|Any CPU.Build.0 = Debug|Any CPU
		{9BF01436-8445-4559-9277-339BF660AC0E}.Release|Any CPU.ActiveCfg = Release|Any CPU
		{9BF01436-8445-4559-9277-339BF660AC0E}.Release|Any CPU.Build.0 = Release|Any CPU
		{1A33CD32-47E4-4F0A-A4E6-8500E2530EB2}.Debug|Any CPU.ActiveCfg = Debug|Any CPU
		{1A33CD32-47E4-4F0A-A4E6-8500E2530EB2}.Debug|Any CPU.Build.0 = Debug|Any CPU
		{1A33CD32-47E4-4F0A-A4E6-8500E2530EB2}.Release|Any CPU.ActiveCfg = Release|Any CPU
		{1A33CD32-47E4-4F0A-A4E6-8500E2530EB2}.Release|Any CPU.Build.0 = Release|Any CPU
		{0BC15A3A-B16B-44C6-AC11-BF5EEBC843EC}.Debug|Any CPU.ActiveCfg = Debug|Any CPU
		{0BC15A3A-B16B-44C6-AC11-BF5EEBC843EC}.Debug|Any CPU.Build.0 = Debug|Any CPU
		{0BC15A3A-B16B-44C6-AC11-BF5EEBC843EC}.Release|Any CPU.ActiveCfg = Release|Any CPU
		{0BC15A3A-B16B-44C6-AC11-BF5EEBC843EC}.Release|Any CPU.Build.0 = Release|Any CPU
		{96C837FA-CCED-4941-BA51-85A429D17A34}.Debug|Any CPU.ActiveCfg = Debug|Any CPU
		{96C837FA-CCED-4941-BA51-85A429D17A34}.Debug|Any CPU.Build.0 = Debug|Any CPU
		{96C837FA-CCED-4941-BA51-85A429D17A34}.Release|Any CPU.ActiveCfg = Release|Any CPU
		{96C837FA-CCED-4941-BA51-85A429D17A34}.Release|Any CPU.Build.0 = Release|Any CPU
		{6E3704F8-B3A8-4742-A579-C84F23278DEF}.Debug|Any CPU.ActiveCfg = Debug|Any CPU
		{6E3704F8-B3A8-4742-A579-C84F23278DEF}.Debug|Any CPU.Build.0 = Debug|Any CPU
		{6E3704F8-B3A8-4742-A579-C84F23278DEF}.Release|Any CPU.ActiveCfg = Release|Any CPU
		{6E3704F8-B3A8-4742-A579-C84F23278DEF}.Release|Any CPU.Build.0 = Release|Any CPU
		{90008C14-0A09-4D15-9044-2E8AA195675D}.Debug|Any CPU.ActiveCfg = Debug|Any CPU
		{90008C14-0A09-4D15-9044-2E8AA195675D}.Debug|Any CPU.Build.0 = Debug|Any CPU
		{90008C14-0A09-4D15-9044-2E8AA195675D}.Release|Any CPU.ActiveCfg = Release|Any CPU
		{90008C14-0A09-4D15-9044-2E8AA195675D}.Release|Any CPU.Build.0 = Release|Any CPU
		{B56A8870-F405-40CD-8137-298946134F2B}.Debug|Any CPU.ActiveCfg = Debug|Any CPU
		{B56A8870-F405-40CD-8137-298946134F2B}.Debug|Any CPU.Build.0 = Debug|Any CPU
		{B56A8870-F405-40CD-8137-298946134F2B}.Release|Any CPU.ActiveCfg = Release|Any CPU
		{B56A8870-F405-40CD-8137-298946134F2B}.Release|Any CPU.Build.0 = Release|Any CPU
		{512C9F20-ED6E-4496-85E9-A94AE402CE27}.Debug|Any CPU.ActiveCfg = Debug|Any CPU
		{512C9F20-ED6E-4496-85E9-A94AE402CE27}.Debug|Any CPU.Build.0 = Debug|Any CPU
		{512C9F20-ED6E-4496-85E9-A94AE402CE27}.Release|Any CPU.ActiveCfg = Release|Any CPU
		{512C9F20-ED6E-4496-85E9-A94AE402CE27}.Release|Any CPU.Build.0 = Release|Any CPU
	EndGlobalSection
	GlobalSection(SolutionProperties) = preSolution
		HideSolutionNode = FALSE
	EndGlobalSection
	GlobalSection(NestedProjects) = preSolution
		{9BF01436-8445-4559-9277-339BF660AC0E} = {41C4EDA6-EAB1-4366-A1CF-E2D4742F8755}
		{1A33CD32-47E4-4F0A-A4E6-8500E2530EB2} = {C12C3E84-5D7A-4A28-AC2E-727914011A7C}
		{0BC15A3A-B16B-44C6-AC11-BF5EEBC843EC} = {E9F96771-8DF3-4599-89FB-1909506AD067}
		{96C837FA-CCED-4941-BA51-85A429D17A34} = {C12C3E84-5D7A-4A28-AC2E-727914011A7C}
		{6E3704F8-B3A8-4742-A579-C84F23278DEF} = {E9F96771-8DF3-4599-89FB-1909506AD067}
		{C12C3E84-5D7A-4A28-AC2E-727914011A7C} = {41C4EDA6-EAB1-4366-A1CF-E2D4742F8755}
		{E9F96771-8DF3-4599-89FB-1909506AD067} = {41C4EDA6-EAB1-4366-A1CF-E2D4742F8755}
		{90008C14-0A09-4D15-9044-2E8AA195675D} = {41C4EDA6-EAB1-4366-A1CF-E2D4742F8755}
		{B56A8870-F405-40CD-8137-298946134F2B} = {E9F96771-8DF3-4599-89FB-1909506AD067}
		{512C9F20-ED6E-4496-85E9-A94AE402CE27} = {4AA74F27-EA59-4DB8-8986-F8E4157DBBC3}
	EndGlobalSection
	GlobalSection(ExtensibilityGlobals) = postSolution
		SolutionGuid = {15146A36-6ED1-412C-9495-0480CC6E5BA9}
	EndGlobalSection
EndGlobal
